# This file is automatically @generated by Poetry 1.8.2 and should not be changed by hand.

[[package]]
name = "pypdf"
version = "5.4.0"
description = "A pure-python PDF library capable of splitting, merging, cropping, and transforming PDF files"
optional = false
python-versions = ">=3.8"
files = [
    {file = "pypdf-5.4.0-py3-none-any.whl", hash = "sha256:db994ab47cadc81057ea1591b90e5b543e2b7ef2d0e31ef41a9bfe763c119dab"},
    {file = "pypdf-5.4.0.tar.gz", hash = "sha256:9af476a9dc30fcb137659b0dec747ea94aa954933c52cf02ee33e39a16fe9175"},
]

[package.extras]
crypto = ["cryptography"]
cryptodome = ["PyCryptodome"]
dev = ["black", "flit", "pip-tools", "pre-commit (<2.18.0)", "pytest-cov", "pytest-socket", "pytest-timeout", "pytest-xdist", "wheel"]
docs = ["myst_parser", "sphinx", "sphinx_rtd_theme"]
full = ["Pillow (>=8.0.0)", "cryptography"]
image = ["Pillow (>=8.0.0)"]

[metadata]
lock-version = "2.0"
python-versions = "^3.12"
content-hash = "e82491a36339a3310fd0a3dd47f6db56bad01399e1e1572da3cff12c0b6e2497"
